
Microsoft Visual Studio Solution File, Format Version 12.00
# Visual Studio Version 17
VisualStudioVersion = 17.0.31903.59
MinimumVisualStudioVersion = 10.0.40219.1
Project("{FAE04EC0-301F-11D3-BF4B-00C04F79EFBC}") = "CSharp", "CSharp\CSharp.csproj", "{BF8AADDB-2C8B-420A-B824-E6B7BFC5170B}"
EndProject
Global
	GlobalSection(SolutionConfigurationPlatforms) = preSolution
		Debug|Any CPU = Debug|Any CPU
		Release|Any CPU = Release|Any CPU
	EndGlobalSection
	GlobalSection(SolutionProperties) = preSolution
		HideSolutionNode = FALSE
	EndGlobalSection
	GlobalSection(ProjectConfigurationPlatforms) = postSolution
		{BF8AADDB-2C8B-420A-B824-E6B7BFC5170B}.Debug|Any CPU.ActiveCfg = Debug|Any CPU
		{BF8AADDB-2C8B-420A-B824-E6B7BFC5170B}.Debug|Any CPU.Build.0 = Debug|Any CPU
		{BF8AADDB-2C8B-420A-B824-E6B7BFC5170B}.Release|Any CPU.ActiveCfg = Release|Any CPU
		{BF8AADDB-2C8B-420A-B824-E6B7BFC5170B}.Release|Any CPU.Build.0 = Release|Any CPU
	EndGlobalSection
EndGlobal
